version = 1
revision = 2
requires-python = ">=3.13"

[[package]]
name = "attrs"
version = "25.3.0"
source = { registry = "https://pypi.org/simple" }
sdist = { url = "https://files.pythonhosted.org/packages/5a/b0/1367933a8532ee6ff8d63537de4f1177af4bff9f3e829baf7331f595bb24/attrs-25.3.0.tar.gz", hash = "sha256:75d7cefc7fb576747b2c81b4442d4d4a1ce0900973527c011d1030fd3bf4af1b", size = 812032, upload_time = "2025-03-13T11:10:22.779Z" }
wheels = [
    { url = "https://files.pythonhosted.org/packages/77/06/bb80f5f86020c4551da315d78b3ab75e8228f89f0162f2c3a819e407941a/attrs-25.3.0-py3-none-any.whl", hash = "sha256:427318ce031701fea540783410126f03899a97ffc6f61596ad581ac2e40e3bc3", size = 63815, upload_time = "2025-03-13T11:10:21.14Z" },
]

[[package]]
name = "certifi"
version = "2025.4.26"
source = { registry = "https://pypi.org/simple" }
sdist = { url = "https://files.pythonhosted.org/packages/e8/9e/c05b3920a3b7d20d3d3310465f50348e5b3694f4f88c6daf736eef3024c4/certifi-2025.4.26.tar.gz", hash = "sha256:0a816057ea3cdefcef70270d2c515e4506bbc954f417fa5ade2021213bb8f0c6", size = 160705, upload_time = "2025-04-26T02:12:29.51Z" }
wheels = [
    { url = "https://files.pythonhosted.org/packages/4a/7e/3db2bd1b1f9e95f7cddca6d6e75e2f2bd9f51b1246e546d88addca0106bd/certifi-2025.4.26-py3-none-any.whl", hash = "sha256:30350364dfe371162649852c63336a15c70c6510c2ad5015b21c2345311805f3", size = 159618, upload_time = "2025-04-26T02:12:27.662Z" },
]

[[package]]
name = "charset-normalizer"
version = "3.4.2"
source = { registry = "https://pypi.org/simple" }
sdist = { url = "https://files.pythonhosted.org/packages/e4/33/89c2ced2b67d1c2a61c19c6751aa8902d46ce3dacb23600a283619f5a12d/charset_normalizer-3.4.2.tar.gz", hash = "sha256:5baececa9ecba31eff645232d59845c07aa030f0c81ee70184a90d35099a0e63", size = 126367, upload_time = "2025-05-02T08:34:42.01Z" }
wheels = [
    { url = "https://files.pythonhosted.org/packages/ea/12/a93df3366ed32db1d907d7593a94f1fe6293903e3e92967bebd6950ed12c/charset_normalizer-3.4.2-cp313-cp313-macosx_10_13_universal2.whl", hash = "sha256:926ca93accd5d36ccdabd803392ddc3e03e6d4cd1cf17deff3b989ab8e9dbcf0", size = 199622, upload_time = "2025-05-02T08:32:56.363Z" },
    { url = "https://files.pythonhosted.org/packages/04/93/bf204e6f344c39d9937d3c13c8cd5bbfc266472e51fc8c07cb7f64fcd2de/charset_normalizer-3.4.2-cp313-cp313-manylinux_2_17_aarch64.manylinux2014_aarch64.whl", hash = "sha256:eba9904b0f38a143592d9fc0e19e2df0fa2e41c3c3745554761c5f6447eedabf", size = 143435, upload_time = "2025-05-02T08:32:58.551Z" },
    { url = "https://files.pythonhosted.org/packages/22/2a/ea8a2095b0bafa6c5b5a55ffdc2f924455233ee7b91c69b7edfcc9e02284/charset_normalizer-3.4.2-cp313-cp313-manylinux_2_17_ppc64le.manylinux2014_ppc64le.whl", hash = "sha256:3fddb7e2c84ac87ac3a947cb4e66d143ca5863ef48e4a5ecb83bd48619e4634e", size = 153653, upload_time = "2025-05-02T08:33:00.342Z" },
    { url = "https://files.pythonhosted.org/packages/b6/57/1b090ff183d13cef485dfbe272e2fe57622a76694061353c59da52c9a659/charset_normalizer-3.4.2-cp313-cp313-manylinux_2_17_s390x.manylinux2014_s390x.whl", hash = "sha256:98f862da73774290f251b9df8d11161b6cf25b599a66baf087c1ffe340e9bfd1", size = 146231, upload_time = "2025-05-02T08:33:02.081Z" },
    { url = "https://files.pythonhosted.org/packages/e2/28/ffc026b26f441fc67bd21ab7f03b313ab3fe46714a14b516f931abe1a2d8/charset_normalizer-3.4.2-cp313-cp313-manylinux_2_17_x86_64.manylinux2014_x86_64.whl", hash = "sha256:6c9379d65defcab82d07b2a9dfbfc2e95bc8fe0ebb1b176a3190230a3ef0e07c", size = 148243, upload_time = "2025-05-02T08:33:04.063Z" },
    { url = "https://files.pythonhosted.org/packages/c0/0f/9abe9bd191629c33e69e47c6ef45ef99773320e9ad8e9cb08b8ab4a8d4cb/charset_normalizer-3.4.2-cp313-cp313-manylinux_2_5_i686.manylinux1_i686.manylinux_2_17_i686.manylinux2014_i686.whl", hash = "sha256:e635b87f01ebc977342e2697d05b56632f5f879a4f15955dfe8cef2448b51691", size = 150442, upload_time = "2025-05-02T08:33:06.418Z" },
    { url = "https://files.pythonhosted.org/packages/67/7c/a123bbcedca91d5916c056407f89a7f5e8fdfce12ba825d7d6b9954a1a3c/charset_normalizer-3.4.2-cp313-cp313-musllinux_1_2_aarch64.whl", hash = "sha256:1c95a1e2902a8b722868587c0e1184ad5c55631de5afc0eb96bc4b0d738092c0", size = 145147, upload_time = "2025-05-02T08:33:08.183Z" },
    { url = "https://files.pythonhosted.org/packages/ec/fe/1ac556fa4899d967b83e9893788e86b6af4d83e4726511eaaad035e36595/charset_normalizer-3.4.2-cp313-cp313-musllinux_1_2_i686.whl", hash = "sha256:ef8de666d6179b009dce7bcb2ad4c4a779f113f12caf8dc77f0162c29d20490b", size = 153057, upload_time = "2025-05-02T08:33:09.986Z" },
    { url = "https://files.pythonhosted.org/packages/2b/ff/acfc0b0a70b19e3e54febdd5301a98b72fa07635e56f24f60502e954c461/charset_normalizer-3.4.2-cp313-cp313-musllinux_1_2_ppc64le.whl", hash = "sha256:32fc0341d72e0f73f80acb0a2c94216bd704f4f0bce10aedea38f30502b271ff", size = 156454, upload_time = "2025-05-02T08:33:11.814Z" },
    { url = "https://files.pythonhosted.org/packages/92/08/95b458ce9c740d0645feb0e96cea1f5ec946ea9c580a94adfe0b617f3573/charset_normalizer-3.4.2-cp313-cp313-musllinux_1_2_s390x.whl", hash = "sha256:289200a18fa698949d2b39c671c2cc7a24d44096784e76614899a7ccf2574b7b", size = 154174, upload_time = "2025-05-02T08:33:13.707Z" },
    { url = "https://files.pythonhosted.org/packages/78/be/8392efc43487ac051eee6c36d5fbd63032d78f7728cb37aebcc98191f1ff/charset_normalizer-3.4.2-cp313-cp313-musllinux_1_2_x86_64.whl", hash = "sha256:4a476b06fbcf359ad25d34a057b7219281286ae2477cc5ff5e3f70a246971148", size = 149166, upload_time = "2025-05-02T08:33:15.458Z" },
    { url = "https://files.pythonhosted.org/packages/44/96/392abd49b094d30b91d9fbda6a69519e95802250b777841cf3bda8fe136c/charset_normalizer-3.4.2-cp313-cp313-win32.whl", hash = "sha256:aaeeb6a479c7667fbe1099af9617c83aaca22182d6cf8c53966491a0f1b7ffb7", size = 98064, upload_time = "2025-05-02T08:33:17.06Z" },
    { url = "https://files.pythonhosted.org/packages/e9/b0/0200da600134e001d91851ddc797809e2fe0ea72de90e09bec5a2fbdaccb/charset_normalizer-3.4.2-cp313-cp313-win_amd64.whl", hash = "sha256:aa6af9e7d59f9c12b33ae4e9450619cf2488e2bbe9b44030905877f0b2324980", size = 105641, upload_time = "2025-05-02T08:33:18.753Z" },
    { url = "https://files.pythonhosted.org/packages/20/94/c5790835a017658cbfabd07f3bfb549140c3ac458cfc196323996b10095a/charset_normalizer-3.4.2-py3-none-any.whl", hash = "sha256:7f56930ab0abd1c45cd15be65cc741c28b1c9a34876ce8c17a2fa107810c0af0", size = 52626, upload_time = "2025-05-02T08:34:40.053Z" },
]

[[package]]
name = "check-jsonschema"
version = "0.33.0"
source = { registry = "https://pypi.org/simple" }
dependencies = [
    { name = "click" },
    { name = "jsonschema" },
    { name = "regress" },
    { name = "requests" },
    { name = "ruamel-yaml" },
]
sdist = { url = "https://files.pythonhosted.org/packages/51/8e/67e40a319334f5beed9943a4f28de527e27599e07600e10063fb5f18f8b0/check_jsonschema-0.33.0.tar.gz", hash = "sha256:504fe09f268d2d25d58381d1ed1d5ae8f6e80e7f300e8b155317b40f9f6db8f6", size = 289932, upload_time = "2025-04-11T22:16:19.643Z" }
wheels = [
    { url = "https://files.pythonhosted.org/packages/30/70/df266405418e5d687efc28ccd905e0c7243936d6933446c3facddcbfebda/check_jsonschema-0.33.0-py3-none-any.whl", hash = "sha256:03b17105321c91915b2fdfa47a6821f8c4f9e45bb37b9433752bb6a938f42a2f", size = 275004, upload_time = "2025-04-11T22:16:18.17Z" },
]

[[package]]
name = "click"
version = "8.2.1"
source = { registry = "https://pypi.org/simple" }
dependencies = [
    { name = "colorama", marker = "sys_platform == 'win32'" },
]
sdist = { url = "https://files.pythonhosted.org/packages/60/6c/8ca2efa64cf75a977a0d7fac081354553ebe483345c734fb6b6515d96bbc/click-8.2.1.tar.gz", hash = "sha256:27c491cc05d968d271d5a1db13e3b5a184636d9d930f148c50b038f0d0646202", size = 286342, upload_time = "2025-05-20T23:19:49.832Z" }
wheels = [
    { url = "https://files.pythonhosted.org/packages/85/32/10bb5764d90a8eee674e9dc6f4db6a0ab47c8c4d0d83c27f7c39ac415a4d/click-8.2.1-py3-none-any.whl", hash = "sha256:61a3265b914e850b85317d0b3109c7f8cd35a670f963866005d6ef1d5175a12b", size = 102215, upload_time = "2025-05-20T23:19:47.796Z" },
]

[[package]]
name = "colorama"
version = "0.4.6"
source = { registry = "https://pypi.org/simple" }
sdist = { url = "https://files.pythonhosted.org/packages/d8/53/6f443c9a4a8358a93a6792e2acffb9d9d5cb0a5cfd8802644b7b1c9a02e4/colorama-0.4.6.tar.gz", hash = "sha256:08695f5cb7ed6e0531a20572697297273c47b8cae5a63ffc6d6ed5c201be6e44", size = 27697, upload_time = "2022-10-25T02:36:22.414Z" }
wheels = [
    { url = "https://files.pythonhosted.org/packages/d1/d6/3965ed04c63042e047cb6a3e6ed1a63a35087b6a609aa3a15ed8ac56c221/colorama-0.4.6-py2.py3-none-any.whl", hash = "sha256:4f1d9991f5acc0ca119f9d443620b77f9d6b33703e51011c16baf57afb285fc6", size = 25335, upload_time = "2022-10-25T02:36:20.889Z" },
]

[[package]]
name = "idna"
version = "3.10"
source = { registry = "https://pypi.org/simple" }
sdist = { url = "https://files.pythonhosted.org/packages/f1/70/7703c29685631f5a7590aa73f1f1d3fa9a380e654b86af429e0934a32f7d/idna-3.10.tar.gz", hash = "sha256:12f65c9b470abda6dc35cf8e63cc574b1c52b11df2c86030af0ac09b01b13ea9", size = 190490, upload_time = "2024-09-15T18:07:39.745Z" }
wheels = [
    { url = "https://files.pythonhosted.org/packages/76/c6/c88e154df9c4e1a2a66ccf0005a88dfb2650c1dffb6f5ce603dfbd452ce3/idna-3.10-py3-none-any.whl", hash = "sha256:946d195a0d259cbba61165e88e65941f16e9b36ea6ddb97f00452bae8b1287d3", size = 70442, upload_time = "2024-09-15T18:07:37.964Z" },
]

[[package]]
name = "jsonschema"
version = "4.24.0"
source = { registry = "https://pypi.org/simple" }
dependencies = [
    { name = "attrs" },
    { name = "jsonschema-specifications" },
    { name = "referencing" },
    { name = "rpds-py" },
]
sdist = { url = "https://files.pythonhosted.org/packages/bf/d3/1cf5326b923a53515d8f3a2cd442e6d7e94fcc444716e879ea70a0ce3177/jsonschema-4.24.0.tar.gz", hash = "sha256:0b4e8069eb12aedfa881333004bccaec24ecef5a8a6a4b6df142b2cc9599d196", size = 353480, upload_time = "2025-05-26T18:48:10.459Z" }
wheels = [
    { url = "https://files.pythonhosted.org/packages/a2/3d/023389198f69c722d039351050738d6755376c8fd343e91dc493ea485905/jsonschema-4.24.0-py3-none-any.whl", hash = "sha256:a462455f19f5faf404a7902952b6f0e3ce868f3ee09a359b05eca6673bd8412d", size = 88709, upload_time = "2025-05-26T18:48:08.417Z" },
]

[[package]]
name = "jsonschema-specifications"
version = "2025.4.1"
source = { registry = "https://pypi.org/simple" }
dependencies = [
    { name = "referencing" },
]
sdist = { url = "https://files.pythonhosted.org/packages/bf/ce/46fbd9c8119cfc3581ee5643ea49464d168028cfb5caff5fc0596d0cf914/jsonschema_specifications-2025.4.1.tar.gz", hash = "sha256:630159c9f4dbea161a6a2205c3011cc4f18ff381b189fff48bb39b9bf26ae608", size = 15513, upload_time = "2025-04-23T12:34:07.418Z" }
wheels = [
    { url = "https://files.pythonhosted.org/packages/01/0e/b27cdbaccf30b890c40ed1da9fd4a3593a5cf94dae54fb34f8a4b74fcd3f/jsonschema_specifications-2025.4.1-py3-none-any.whl", hash = "sha256:4653bffbd6584f7de83a67e0d620ef16900b390ddc7939d56684d6c81e33f1af", size = 18437, upload_time = "2025-04-23T12:34:05.422Z" },
]

[[package]]
name = "referencing"
version = "0.36.2"
source = { registry = "https://pypi.org/simple" }
dependencies = [
    { name = "attrs" },
    { name = "rpds-py" },
]
sdist = { url = "https://files.pythonhosted.org/packages/2f/db/98b5c277be99dd18bfd91dd04e1b759cad18d1a338188c936e92f921c7e2/referencing-0.36.2.tar.gz", hash = "sha256:df2e89862cd09deabbdba16944cc3f10feb6b3e6f18e902f7cc25609a34775aa", size = 74744, upload_time = "2025-01-25T08:48:16.138Z" }
wheels = [
    { url = "https://files.pythonhosted.org/packages/c1/b1/3baf80dc6d2b7bc27a95a67752d0208e410351e3feb4eb78de5f77454d8d/referencing-0.36.2-py3-none-any.whl", hash = "sha256:e8699adbbf8b5c7de96d8ffa0eb5c158b3beafce084968e2ea8bb08c6794dcd0", size = 26775, upload_time = "2025-01-25T08:48:14.241Z" },
]

[[package]]
name = "regress"
version = "2025.5.1"
source = { registry = "https://pypi.org/simple" }
sdist = { url = "https://files.pythonhosted.org/packages/65/8f/87f88d2fb104c21d83355a218cec6b1176f9d02d824cb32287fa2d701c7c/regress-2025.5.1.tar.gz", hash = "sha256:bb372b76ea6a50935128f065eca4fe6649ec446f0ecf9d73ac0cd19b68acadc7", size = 10935, upload_time = "2025-05-28T19:27:57.065Z" }
wheels = [
    { url = "https://files.pythonhosted.org/packages/ab/17/d80e02ae60a6fec29ab0d73b71abfe00a7a5f31c7c384ad97062ea7835a1/regress-2025.5.1-cp313-cp313-macosx_10_12_x86_64.whl", hash = "sha256:283e91c35e85762b1bfa78b2c663efba4b8b94d90c4e7380b30f5f8e148e77d0", size = 439279, upload_time = "2025-05-28T19:26:49.079Z" },
    { url = "https://files.pythonhosted.org/packages/2d/72/f3e2cb1791e46f290f872a66126ce7e42af820649b4a243e36d10ac95241/regress-2025.5.1-cp313-cp313-macosx_11_0_arm64.whl", hash = "sha256:2057064b2d5c181ea194ad33558df631f2eb2f11b7f16c211cbea95783f4ced4", size = 434735, upload_time = "2025-05-28T19:26:50.472Z" },
    { url = "https://files.pythonhosted.org/packages/71/f4/dcb05da833f8bf2e994b380cee5d47955809387467fa28f936fe9f7a10a3/regress-2025.5.1-cp313-cp313-manylinux_2_17_aarch64.manylinux2014_aarch64.whl", hash = "sha256:8521f0618e63a1e34dec3bfd3fb40bf8537775b69395d1ae2c9195391d4b5064", size = 513852, upload_time = "2025-05-28T19:26:51.65Z" },
    { url = "https://files.pythonhosted.org/packages/46/c6/cd74495390be8dc9679e956967548d21ce3f802d65fdb7444260536ef089/regress-2025.5.1-cp313-cp313-manylinux_2_17_armv7l.manylinux2014_armv7l.whl", hash = "sha256:f0b669eb5527089fd283dff6fd34fc3cb9dd1695aa974d4f2b4742389571339c", size = 495859, upload_time = "2025-05-28T19:26:52.779Z" },
    { url = "https://files.pythonhosted.org/packages/0e/1a/b0a9a9eb2bcff967b36c4c964dd4d543863a63107a66106d5bdede791155/regress-2025.5.1-cp313-cp313-manylinux_2_17_ppc64le.manylinux2014_ppc64le.whl", hash = "sha256:1f3823754ab1cb01b663b0a84a44aaa6cecbfb1dd0324355997997b83a3d09f4", size = 668042, upload_time = "2025-05-28T19:26:53.912Z" },
    { url = "https://files.pythonhosted.org/packages/cb/df/4bcc598a3a0a07751550dee501607d1dd1f8db56cd367d682c25af0dd68a/regress-2025.5.1-cp313-cp313-manylinux_2_17_s390x.manylinux2014_s390x.whl", hash = "sha256:c5851d1606927ca4713b2709322517c93be93607106b179f362a0ebfb7ed4cd5", size = 576565, upload_time = "2025-05-28T19:26:55.402Z" },
    { url = "https://files.pythonhosted.org/packages/39/b3/38956fa7c54b3f55fc37b95bcaaae3de5cf15eeaa8dab392959b2a6b9e8c/regress-2025.5.1-cp313-cp313-manylinux_2_17_x86_64.manylinux2014_x86_64.whl", hash = "sha256:49630db291b85fcef96072f040149c286d78c5ce011a2c578193c498b68ee837", size = 516273, upload_time = "2025-05-28T19:26:57.475Z" },
    { url = "https://files.pythonhosted.org/packages/07/fb/05b1db070fbdcd1b4683fc5f32bdaaf98aec602f0c83a837f3e48777115c/regress-2025.5.1-cp313-cp313-manylinux_2_5_i686.manylinux1_i686.whl", hash = "sha256:36cc08989dad724255b4258ba9d8fc9a89f059f88bbfb4d903b4937a037c0478", size = 516928, upload_time = "2025-05-28T19:26:58.689Z" },
    { url = "https://files.pythonhosted.org/packages/a0/97/3014917191e9191740148227cc50fe66178f885a92fd2ab5b94b9165b50a/regress-2025.5.1-cp313-cp313-musllinux_1_2_aarch64.whl", hash = "sha256:75ec6bba86e152230b433ae02af334c1ed8d1d4a7b4b5f18a89a617425bc2a5e", size = 692220, upload_time = "2025-05-28T19:26:59.884Z" },
    { url = "https://files.pythonhosted.org/packages/d3/bc/b22a6e0f19d9dcaef6cb2ba63ecdc5ff5c0e3410791d395ecb8dfbc7b1e6/regress-2025.5.1-cp313-cp313-musllinux_1_2_i686.whl", hash = "sha256:b7439b000d74d7a7ebce6718fca19860dbd1ff5b5e0519cea4cb7eb79f491ace", size = 692772, upload_time = "2025-05-28T19:27:01.433Z" },
    { url = "https://files.pythonhosted.org/packages/7b/c6/df45f7620aa26a7f3a8dcd5e01051e35c3eb8640ecb0da12a3075d5fff95/regress-2025.5.1-cp313-cp313-musllinux_1_2_x86_64.whl", hash = "sha256:bc6d1e4c17af40d32b97251bbab708386eccbc8b226fe6d807c12814c339a47c", size = 685844, upload_time = "2025-05-28T19:27:02.627Z" },
    { url = "https://files.pythonhosted.org/packages/4d/fe/550ccb67838ba37aa6c88cbef4458204852faa238e083c04aeff1ad67a2f/regress-2025.5.1-cp313-cp313-win32.whl", hash = "sha256:e35db4525fa977bfdb0dc0a1f1f96ac4803ef9bad10c0b149934be79508c8a5d", size = 281555, upload_time = "2025-05-28T19:27:03.866Z" },
    { url = "https://files.pythonhosted.org/packages/9a/83/f3a3450dd525b70d35486309f1af7d35a3878cddbda63dcf8fa9eb94a873/regress-2025.5.1-cp313-cp313-win_amd64.whl", hash = "sha256:4d47720c882ef370afe8a0191186b84f647364529c8f310ca36a16ed85a6763f", size = 296685, upload_time = "2025-05-28T19:27:05.005Z" },
]

[[package]]
name = "requests"
version = "2.32.3"
source = { registry = "https://pypi.org/simple" }
dependencies = [
    { name = "certifi" },
    { name = "charset-normalizer" },
    { name = "idna" },
    { name = "urllib3" },
]
sdist = { url = "https://files.pythonhosted.org/packages/63/70/2bf7780ad2d390a8d301ad0b550f1581eadbd9a20f896afe06353c2a2913/requests-2.32.3.tar.gz", hash = "sha256:55365417734eb18255590a9ff9eb97e9e1da868d4ccd6402399eaf68af20a760", size = 131218, upload_time = "2024-05-29T15:37:49.536Z" }
wheels = [
    { url = "https://files.pythonhosted.org/packages/f9/9b/335f9764261e915ed497fcdeb11df5dfd6f7bf257d4a6a2a686d80da4d54/requests-2.32.3-py3-none-any.whl", hash = "sha256:70761cfe03c773ceb22aa2f671b4757976145175cdfca038c02654d061d6dcc6", size = 64928, upload_time = "2024-05-29T15:37:47.027Z" },
]

[[package]]
name = "rpds-py"
version = "0.25.1"
source = { registry = "https://pypi.org/simple" }
sdist = { url = "https://files.pythonhosted.org/packages/8c/a6/60184b7fc00dd3ca80ac635dd5b8577d444c57e8e8742cecabfacb829921/rpds_py-0.25.1.tar.gz", hash = "sha256:8960b6dac09b62dac26e75d7e2c4a22efb835d827a7278c34f72b2b84fa160e3", size = 27304, upload_time = "2025-05-21T12:46:12.502Z" }
wheels = [
    { url = "https://files.pythonhosted.org/packages/2b/da/323848a2b62abe6a0fec16ebe199dc6889c5d0a332458da8985b2980dffe/rpds_py-0.25.1-cp313-cp313-macosx_10_12_x86_64.whl", hash = "sha256:659d87430a8c8c704d52d094f5ba6fa72ef13b4d385b7e542a08fc240cb4a559", size = 364498, upload_time = "2025-05-21T12:43:54.841Z" },
    { url = "https://files.pythonhosted.org/packages/1f/b4/4d3820f731c80fd0cd823b3e95b9963fec681ae45ba35b5281a42382c67d/rpds_py-0.25.1-cp313-cp313-macosx_11_0_arm64.whl", hash = "sha256:68f6f060f0bbdfb0245267da014d3a6da9be127fe3e8cc4a68c6f833f8a23bb1", size = 350083, upload_time = "2025-05-21T12:43:56.428Z" },
    { url = "https://files.pythonhosted.org/packages/d5/b1/3a8ee1c9d480e8493619a437dec685d005f706b69253286f50f498cbdbcf/rpds_py-0.25.1-cp313-cp313-manylinux_2_17_aarch64.manylinux2014_aarch64.whl", hash = "sha256:083a9513a33e0b92cf6e7a6366036c6bb43ea595332c1ab5c8ae329e4bcc0a9c", size = 389023, upload_time = "2025-05-21T12:43:57.995Z" },
    { url = "https://files.pythonhosted.org/packages/3b/31/17293edcfc934dc62c3bf74a0cb449ecd549531f956b72287203e6880b87/rpds_py-0.25.1-cp313-cp313-manylinux_2_17_armv7l.manylinux2014_armv7l.whl", hash = "sha256:816568614ecb22b18a010c7a12559c19f6fe993526af88e95a76d5a60b8b75fb", size = 403283, upload_time = "2025-05-21T12:43:59.546Z" },
    { url = "https://files.pythonhosted.org/packages/d1/ca/e0f0bc1a75a8925024f343258c8ecbd8828f8997ea2ac71e02f67b6f5299/rpds_py-0.25.1-cp313-cp313-manylinux_2_17_ppc64le.manylinux2014_ppc64le.whl", hash = "sha256:3c6564c0947a7f52e4792983f8e6cf9bac140438ebf81f527a21d944f2fd0a40", size = 524634, upload_time = "2025-05-21T12:44:01.087Z" },
    { url = "https://files.pythonhosted.org/packages/3e/03/5d0be919037178fff33a6672ffc0afa04ea1cfcb61afd4119d1b5280ff0f/rpds_py-0.25.1-cp313-cp313-manylinux_2_17_s390x.manylinux2014_s390x.whl", hash = "sha256:5c4a128527fe415d73cf1f70a9a688d06130d5810be69f3b553bf7b45e8acf79", size = 416233, upload_time = "2025-05-21T12:44:02.604Z" },
    { url = "https://files.pythonhosted.org/packages/05/7c/8abb70f9017a231c6c961a8941403ed6557664c0913e1bf413cbdc039e75/rpds_py-0.25.1-cp313-cp313-manylinux_2_17_x86_64.manylinux2014_x86_64.whl", hash = "sha256:a49e1d7a4978ed554f095430b89ecc23f42014a50ac385eb0c4d163ce213c325", size = 390375, upload_time = "2025-05-21T12:44:04.162Z" },
    { url = "https://files.pythonhosted.org/packages/7a/ac/a87f339f0e066b9535074a9f403b9313fd3892d4a164d5d5f5875ac9f29f/rpds_py-0.25.1-cp313-cp313-manylinux_2_5_i686.manylinux1_i686.whl", hash = "sha256:d74ec9bc0e2feb81d3f16946b005748119c0f52a153f6db6a29e8cd68636f295", size = 424537, upload_time = "2025-05-21T12:44:06.175Z" },
    { url = "https://files.pythonhosted.org/packages/1f/8f/8d5c1567eaf8c8afe98a838dd24de5013ce6e8f53a01bd47fe8bb06b5533/rpds_py-0.25.1-cp313-cp313-musllinux_1_2_aarch64.whl", hash = "sha256:3af5b4cc10fa41e5bc64e5c198a1b2d2864337f8fcbb9a67e747e34002ce812b", size = 566425, upload_time = "2025-05-21T12:44:08.242Z" },
    { url = "https://files.pythonhosted.org/packages/95/33/03016a6be5663b389c8ab0bbbcca68d9e96af14faeff0a04affcb587e776/rpds_py-0.25.1-cp313-cp313-musllinux_1_2_i686.whl", hash = "sha256:79dc317a5f1c51fd9c6a0c4f48209c6b8526d0524a6904fc1076476e79b00f98", size = 595197, upload_time = "2025-05-21T12:44:10.449Z" },
    { url = "https://files.pythonhosted.org/packages/33/8d/da9f4d3e208c82fda311bff0cf0a19579afceb77cf456e46c559a1c075ba/rpds_py-0.25.1-cp313-cp313-musllinux_1_2_x86_64.whl", hash = "sha256:1521031351865e0181bc585147624d66b3b00a84109b57fcb7a779c3ec3772cd", size = 561244, upload_time = "2025-05-21T12:44:12.387Z" },
    { url = "https://files.pythonhosted.org/packages/e2/b3/39d5dcf7c5f742ecd6dbc88f6f84ae54184b92f5f387a4053be2107b17f1/rpds_py-0.25.1-cp313-cp313-win32.whl", hash = "sha256:5d473be2b13600b93a5675d78f59e63b51b1ba2d0476893415dfbb5477e65b31", size = 222254, upload_time = "2025-05-21T12:44:14.261Z" },
    { url = "https://files.pythonhosted.org/packages/5f/19/2d6772c8eeb8302c5f834e6d0dfd83935a884e7c5ce16340c7eaf89ce925/rpds_py-0.25.1-cp313-cp313-win_amd64.whl", hash = "sha256:a7b74e92a3b212390bdce1d93da9f6488c3878c1d434c5e751cbc202c5e09500", size = 234741, upload_time = "2025-05-21T12:44:16.236Z" },
    { url = "https://files.pythonhosted.org/packages/5b/5a/145ada26cfaf86018d0eb304fe55eafdd4f0b6b84530246bb4a7c4fb5c4b/rpds_py-0.25.1-cp313-cp313-win_arm64.whl", hash = "sha256:dd326a81afe332ede08eb39ab75b301d5676802cdffd3a8f287a5f0b694dc3f5", size = 224830, upload_time = "2025-05-21T12:44:17.749Z" },
    { url = "https://files.pythonhosted.org/packages/4b/ca/d435844829c384fd2c22754ff65889c5c556a675d2ed9eb0e148435c6690/rpds_py-0.25.1-cp313-cp313t-macosx_10_12_x86_64.whl", hash = "sha256:a58d1ed49a94d4183483a3ce0af22f20318d4a1434acee255d683ad90bf78129", size = 359668, upload_time = "2025-05-21T12:44:19.322Z" },
    { url = "https://files.pythonhosted.org/packages/1f/01/b056f21db3a09f89410d493d2f6614d87bb162499f98b649d1dbd2a81988/rpds_py-0.25.1-cp313-cp313t-macosx_11_0_arm64.whl", hash = "sha256:f251bf23deb8332823aef1da169d5d89fa84c89f67bdfb566c49dea1fccfd50d", size = 345649, upload_time = "2025-05-21T12:44:20.962Z" },
    { url = "https://files.pythonhosted.org/packages/e0/0f/e0d00dc991e3d40e03ca36383b44995126c36b3eafa0ccbbd19664709c88/rpds_py-0.25.1-cp313-cp313t-manylinux_2_17_aarch64.manylinux2014_aarch64.whl", hash = "sha256:8dbd586bfa270c1103ece2109314dd423df1fa3d9719928b5d09e4840cec0d72", size = 384776, upload_time = "2025-05-21T12:44:22.516Z" },
    { url = "https://files.pythonhosted.org/packages/9f/a2/59374837f105f2ca79bde3c3cd1065b2f8c01678900924949f6392eab66d/rpds_py-0.25.1-cp313-cp313t-manylinux_2_17_armv7l.manylinux2014_armv7l.whl", hash = "sha256:6d273f136e912aa101a9274c3145dcbddbe4bac560e77e6d5b3c9f6e0ed06d34", size = 395131, upload_time = "2025-05-21T12:44:24.147Z" },
    { url = "https://files.pythonhosted.org/packages/9c/dc/48e8d84887627a0fe0bac53f0b4631e90976fd5d35fff8be66b8e4f3916b/rpds_py-0.25.1-cp313-cp313t-manylinux_2_17_ppc64le.manylinux2014_ppc64le.whl", hash = "sha256:666fa7b1bd0a3810a7f18f6d3a25ccd8866291fbbc3c9b912b917a6715874bb9", size = 520942, upload_time = "2025-05-21T12:44:25.915Z" },
    { url = "https://files.pythonhosted.org/packages/7c/f5/ee056966aeae401913d37befeeab57a4a43a4f00099e0a20297f17b8f00c/rpds_py-0.25.1-cp313-cp313t-manylinux_2_17_s390x.manylinux2014_s390x.whl", hash = "sha256:921954d7fbf3fccc7de8f717799304b14b6d9a45bbeec5a8d7408ccbf531faf5", size = 411330, upload_time = "2025-05-21T12:44:27.638Z" },
    { url = "https://files.pythonhosted.org/packages/ab/74/b2cffb46a097cefe5d17f94ede7a174184b9d158a0aeb195f39f2c0361e8/rpds_py-0.25.1-cp313-cp313t-manylinux_2_17_x86_64.manylinux2014_x86_64.whl", hash = "sha256:f3d86373ff19ca0441ebeb696ef64cb58b8b5cbacffcda5a0ec2f3911732a194", size = 387339, upload_time = "2025-05-21T12:44:29.292Z" },
    { url = "https://files.pythonhosted.org/packages/7f/9a/0ff0b375dcb5161c2b7054e7d0b7575f1680127505945f5cabaac890bc07/rpds_py-0.25.1-cp313-cp313t-manylinux_2_5_i686.manylinux1_i686.whl", hash = "sha256:c8980cde3bb8575e7c956a530f2c217c1d6aac453474bf3ea0f9c89868b531b6", size = 418077, upload_time = "2025-05-21T12:44:30.877Z" },
    { url = "https://files.pythonhosted.org/packages/0d/a1/fda629bf20d6b698ae84c7c840cfb0e9e4200f664fc96e1f456f00e4ad6e/rpds_py-0.25.1-cp313-cp313t-musllinux_1_2_aarch64.whl", hash = "sha256:8eb8c84ecea987a2523e057c0d950bcb3f789696c0499290b8d7b3107a719d78", size = 562441, upload_time = "2025-05-21T12:44:32.541Z" },
    { url = "https://files.pythonhosted.org/packages/20/15/ce4b5257f654132f326f4acd87268e1006cc071e2c59794c5bdf4bebbb51/rpds_py-0.25.1-cp313-cp313t-musllinux_1_2_i686.whl", hash = "sha256:e43a005671a9ed5a650f3bc39e4dbccd6d4326b24fb5ea8be5f3a43a6f576c72", size = 590750, upload_time = "2025-05-21T12:44:34.557Z" },
    { url = "https://files.pythonhosted.org/packages/fb/ab/e04bf58a8d375aeedb5268edcc835c6a660ebf79d4384d8e0889439448b0/rpds_py-0.25.1-cp313-cp313t-musllinux_1_2_x86_64.whl", hash = "sha256:58f77c60956501a4a627749a6dcb78dac522f249dd96b5c9f1c6af29bfacfb66", size = 558891, upload_time = "2025-05-21T12:44:37.358Z" },
    { url = "https://files.pythonhosted.org/packages/90/82/cb8c6028a6ef6cd2b7991e2e4ced01c854b6236ecf51e81b64b569c43d73/rpds_py-0.25.1-cp313-cp313t-win32.whl", hash = "sha256:2cb9e5b5e26fc02c8a4345048cd9998c2aca7c2712bd1b36da0c72ee969a3523", size = 218718, upload_time = "2025-05-21T12:44:38.969Z" },
    { url = "https://files.pythonhosted.org/packages/b6/97/5a4b59697111c89477d20ba8a44df9ca16b41e737fa569d5ae8bff99e650/rpds_py-0.25.1-cp313-cp313t-win_amd64.whl", hash = "sha256:401ca1c4a20cc0510d3435d89c069fe0a9ae2ee6495135ac46bdd49ec0495763", size = 232218, upload_time = "2025-05-21T12:44:40.512Z" },
]

[[package]]
name = "ruamel-yaml"
version = "0.18.12"
source = { registry = "https://pypi.org/simple" }
dependencies = [
    { name = "ruamel-yaml-clib", marker = "python_full_version < '3.14' and platform_python_implementation == 'CPython'" },
]
sdist = { url = "https://files.pythonhosted.org/packages/56/2f/5a4dd48a259cb72d6f972abb728d3b219b50980fe3b7c548e0be7c5f56aa/ruamel.yaml-0.18.12.tar.gz", hash = "sha256:5a38fd5ce39d223bebb9e3a6779e86b9427a03fb0bf9f270060f8b149cffe5e2", size = 144847, upload_time = "2025-05-30T06:03:19.131Z" }
wheels = [
    { url = "https://files.pythonhosted.org/packages/04/9e/91fe10ea09e2383f0d0531cf3da765fa01b3b9918e85df92081813259cf4/ruamel.yaml-0.18.12-py3-none-any.whl", hash = "sha256:790ba4c48b6a6e6b12b532a7308779eb12d2aaab3a80fdb8389216f28ea2b287", size = 118407, upload_time = "2025-05-30T06:03:15.351Z" },
]

[[package]]
name = "ruamel-yaml-clib"
version = "0.2.12"
source = { registry = "https://pypi.org/simple" }
sdist = { url = "https://files.pythonhosted.org/packages/20/84/80203abff8ea4993a87d823a5f632e4d92831ef75d404c9fc78d0176d2b5/ruamel.yaml.clib-0.2.12.tar.gz", hash = "sha256:6c8fbb13ec503f99a91901ab46e0b07ae7941cd527393187039aec586fdfd36f", size = 225315, upload_time = "2024-10-20T10:10:56.22Z" }
wheels = [
    { url = "https://files.pythonhosted.org/packages/29/00/4864119668d71a5fa45678f380b5923ff410701565821925c69780356ffa/ruamel.yaml.clib-0.2.12-cp313-cp313-macosx_14_0_arm64.whl", hash = "sha256:4c8c5d82f50bb53986a5e02d1b3092b03622c02c2eb78e29bec33fd9593bae1a", size = 132011, upload_time = "2024-10-20T10:13:04.377Z" },
    { url = "https://files.pythonhosted.org/packages/7f/5e/212f473a93ae78c669ffa0cb051e3fee1139cb2d385d2ae1653d64281507/ruamel.yaml.clib-0.2.12-cp313-cp313-manylinux2014_aarch64.whl", hash = "sha256:e7e3736715fbf53e9be2a79eb4db68e4ed857017344d697e8b9749444ae57475", size = 642488, upload_time = "2024-10-20T10:13:05.906Z" },
    { url = "https://files.pythonhosted.org/packages/1f/8f/ecfbe2123ade605c49ef769788f79c38ddb1c8fa81e01f4dbf5cf1a44b16/ruamel.yaml.clib-0.2.12-cp313-cp313-manylinux_2_17_x86_64.manylinux2014_x86_64.whl", hash = "sha256:0b7e75b4965e1d4690e93021adfcecccbca7d61c7bddd8e22406ef2ff20d74ef", size = 745066, upload_time = "2024-10-20T10:13:07.26Z" },
    { url = "https://files.pythonhosted.org/packages/e2/a9/28f60726d29dfc01b8decdb385de4ced2ced9faeb37a847bd5cf26836815/ruamel.yaml.clib-0.2.12-cp313-cp313-manylinux_2_5_i686.manylinux1_i686.manylinux_2_17_i686.manylinux2014_i686.whl", hash = "sha256:96777d473c05ee3e5e3c3e999f5d23c6f4ec5b0c38c098b3a5229085f74236c6", size = 701785, upload_time = "2024-10-20T10:13:08.504Z" },
    { url = "https://files.pythonhosted.org/packages/84/7e/8e7ec45920daa7f76046578e4f677a3215fe8f18ee30a9cb7627a19d9b4c/ruamel.yaml.clib-0.2.12-cp313-cp313-musllinux_1_1_i686.whl", hash = "sha256:3bc2a80e6420ca8b7d3590791e2dfc709c88ab9152c00eeb511c9875ce5778bf", size = 693017, upload_time = "2024-10-21T11:26:48.866Z" },
    { url = "https://files.pythonhosted.org/packages/c5/b3/d650eaade4ca225f02a648321e1ab835b9d361c60d51150bac49063b83fa/ruamel.yaml.clib-0.2.12-cp313-cp313-musllinux_1_1_x86_64.whl", hash = "sha256:e188d2699864c11c36cdfdada94d781fd5d6b0071cd9c427bceb08ad3d7c70e1", size = 741270, upload_time = "2024-10-21T11:26:50.213Z" },
    { url = "https://files.pythonhosted.org/packages/87/b8/01c29b924dcbbed75cc45b30c30d565d763b9c4d540545a0eeecffb8f09c/ruamel.yaml.clib-0.2.12-cp313-cp313-musllinux_1_2_aarch64.whl", hash = "sha256:4f6f3eac23941b32afccc23081e1f50612bdbe4e982012ef4f5797986828cd01", size = 709059, upload_time = "2024-12-11T19:58:18.846Z" },
    { url = "https://files.pythonhosted.org/packages/30/8c/ed73f047a73638257aa9377ad356bea4d96125b305c34a28766f4445cc0f/ruamel.yaml.clib-0.2.12-cp313-cp313-win32.whl", hash = "sha256:6442cb36270b3afb1b4951f060eccca1ce49f3d087ca1ca4563a6eb479cb3de6", size = 98583, upload_time = "2024-10-20T10:13:09.658Z" },
    { url = "https://files.pythonhosted.org/packages/b0/85/e8e751d8791564dd333d5d9a4eab0a7a115f7e349595417fd50ecae3395c/ruamel.yaml.clib-0.2.12-cp313-cp313-win_amd64.whl", hash = "sha256:e5b8daf27af0b90da7bb903a876477a9e6d7270be6146906b276605997c7e9a3", size = 115190, upload_time = "2024-10-20T10:13:10.66Z" },
]

[[package]]
name = "urllib3"
version = "2.4.0"
source = { registry = "https://pypi.org/simple" }
sdist = { url = "https://files.pythonhosted.org/packages/8a/78/16493d9c386d8e60e442a35feac5e00f0913c0f4b7c217c11e8ec2ff53e0/urllib3-2.4.0.tar.gz", hash = "sha256:414bc6535b787febd7567804cc015fee39daab8ad86268f1310a9250697de466", size = 390672, upload_time = "2025-04-10T15:23:39.232Z" }
wheels = [
    { url = "https://files.pythonhosted.org/packages/6b/11/cc635220681e93a0183390e26485430ca2c7b5f9d33b15c74c2861cb8091/urllib3-2.4.0-py3-none-any.whl", hash = "sha256:4e16665048960a0900c702d4a66415956a584919c03361cac9f1df5c5dd7e813", size = 128680, upload_time = "2025-04-10T15:23:37.377Z" },
]

[[package]]
name = "zarr-specs"
version = "0.1.0"
source = { virtual = "." }
dependencies = [
    { name = "check-jsonschema" },
]

[package.metadata]
requires-dist = [{ name = "check-jsonschema", specifier = ">=0.33.0" }]
